
Microsoft Visual Studio Solution File, Format Version 12.00
# Visual Studio Version 16
VisualStudioVersion = 16.0.31129.286
MinimumVisualStudioVersion = 10.0.40219.1
Project("{FAE04EC0-301F-11D3-BF4B-00C04F79EFBC}") = "SalesWebMvc", "SalesWebMvc\SalesWebMvc.csproj", "{D7183A7F-B084-4892-A99C-DD278503DBFC}"
EndProject
Global
	GlobalSection(SolutionConfigurationPlatforms) = preSolution
		Debug|Any CPU = Debug|Any CPU
		Release|Any CPU = Release|Any CPU
	EndGlobalSection
	GlobalSection(ProjectConfigurationPlatforms) = postSolution
		{D7183A7F-B084-4892-A99C-DD278503DBFC}.Debug|Any CPU.ActiveCfg = Debug|Any CPU
		{D7183A7F-B084-4892-A99C-DD278503DBFC}.Debug|Any CPU.Build.0 = Debug|Any CPU
		{D7183A7F-B084-4892-A99C-DD278503DBFC}.Release|Any CPU.ActiveCfg = Release|Any CPU
		{D7183A7F-B084-4892-A99C-DD278503DBFC}.Release|Any CPU.Build.0 = Release|Any CPU
	EndGlobalSection
	GlobalSection(SolutionProperties) = preSolution
		HideSolutionNode = FALSE
	EndGlobalSection
	GlobalSection(ExtensibilityGlobals) = postSolution
		SolutionGuid = {C8331F14-8A69-4C43-97AF-C9141F8715E6}
	EndGlobalSection
EndGlobal
